
Microsoft Visual Studio Solution File, Format Version 12.00
# Visual Studio Version 17
VisualStudioVersion = 17.10.34916.146
MinimumVisualStudioVersion = 10.0.40219.1
Project("{FAE04EC0-301F-11D3-BF4B-00C04F79EFBC}") = "ReplForms", "ReplForms\ReplForms.csproj", "{2FC9A08B-42D6-486A-9580-FAB59012FA8A}"
EndProject
Global
	GlobalSection(SolutionConfigurationPlatforms) = preSolution
		Debug|Any CPU = Debug|Any CPU
		Release|Any CPU = Release|Any CPU
	EndGlobalSection
	GlobalSection(ProjectConfigurationPlatforms) = postSolution
		{9A04C436-13EA-4E68-A528-66BDEA6E10DE}.Debug|Any CPU.ActiveCfg = Debug|Any CPU
		{9A04C436-13EA-4E68-A528-66BDEA6E10DE}.Debug|Any CPU.Build.0 = Debug|Any CPU
		{9A04C436-13EA-4E68-A528-66BDEA6E10DE}.Release|Any CPU.ActiveCfg = Release|Any CPU
		{9A04C436-13EA-4E68-A528-66BDEA6E10DE}.Release|Any CPU.Build.0 = Release|Any CPU
		{2FC9A08B-42D6-486A-9580-FAB59012FA8A}.Debug|Any CPU.ActiveCfg = Debug|Any CPU
		{2FC9A08B-42D6-486A-9580-FAB59012FA8A}.Debug|Any CPU.Build.0 = Debug|Any CPU
		{2FC9A08B-42D6-486A-9580-FAB59012FA8A}.Release|Any CPU.ActiveCfg = Release|Any CPU
		{2FC9A08B-42D6-486A-9580-FAB59012FA8A}.Release|Any CPU.Build.0 = Release|Any CPU
	EndGlobalSection
	GlobalSection(SolutionProperties) = preSolution
		HideSolutionNode = FALSE
	EndGlobalSection
	GlobalSection(ExtensibilityGlobals) = postSolution
		SolutionGuid = {DA7886AA-8F8D-4F42-95FD-508CEE616785}
	EndGlobalSection
EndGlobal
